
Microsoft Visual Studio Solution File, Format Version 12.00
# Visual Studio Version 17
VisualStudioVersion = 17.0.31912.275
MinimumVisualStudioVersion = 10.0.40219.1
Project("{9A19103F-16F7-4668-BE54-9A1E7A4F7556}") = "Hackathon.PowerApp.Web", "Hackathon.PowerApp.Web\Hackathon.PowerApp.Web.csproj", "{33172B3E-699B-4C2D-A8F6-D4A2534F8F87}"
EndProject
Project("{FAE04EC0-301F-11D3-BF4B-00C04F79EFBC}") = "Hackathon.PowerApp.DataAccess", "Hackathon.PowerApp.DataAccess\Hackathon.PowerApp.DataAccess.csproj", "{3F620BB0-1F52-4BD9-BEAB-AE7324224142}"
EndProject
Global
	GlobalSection(SolutionConfigurationPlatforms) = preSolution
		Debug|Any CPU = Debug|Any CPU
		Release|Any CPU = Release|Any CPU
	EndGlobalSection
	GlobalSection(ProjectConfigurationPlatforms) = postSolution
		{33172B3E-699B-4C2D-A8F6-D4A2534F8F87}.Debug|Any CPU.ActiveCfg = Debug|Any CPU
		{33172B3E-699B-4C2D-A8F6-D4A2534F8F87}.Debug|Any CPU.Build.0 = Debug|Any CPU
		{33172B3E-699B-4C2D-A8F6-D4A2534F8F87}.Release|Any CPU.ActiveCfg = Release|Any CPU
		{33172B3E-699B-4C2D-A8F6-D4A2534F8F87}.Release|Any CPU.Build.0 = Release|Any CPU
		{3F620BB0-1F52-4BD9-BEAB-AE7324224142}.Debug|Any CPU.ActiveCfg = Debug|Any CPU
		{3F620BB0-1F52-4BD9-BEAB-AE7324224142}.Debug|Any CPU.Build.0 = Debug|Any CPU
		{3F620BB0-1F52-4BD9-BEAB-AE7324224142}.Release|Any CPU.ActiveCfg = Release|Any CPU
		{3F620BB0-1F52-4BD9-BEAB-AE7324224142}.Release|Any CPU.Build.0 = Release|Any CPU
	EndGlobalSection
	GlobalSection(SolutionProperties) = preSolution
		HideSolutionNode = FALSE
	EndGlobalSection
	GlobalSection(ExtensibilityGlobals) = postSolution
		SolutionGuid = {7747D3F5-7D3D-499E-AF2C-651F4F869969}
	EndGlobalSection
EndGlobal
